// !$*UTF8*$!
{
	archiveVersion = 1;
	classes = {
	};
	objectVersion = 50;
	objects = {

/* Begin PBXBuildFile section */
		432D3FA82178BFEC00118BDD /* utillities.swift in Sources */ = {isa = PBXBuildFile; fileRef = 432D3FA72178BFEC00118BDD /* utillities.swift */; };
		43392FCA217653A800D52754 /* GameTableViewCell.swift in Sources */ = {isa = PBXBuildFile; fileRef = 43392FC9217653A800D52754 /* GameTableViewCell.swift */; };
		43392FCC217658FE00D52754 /* GameCellFile.storyboard in Resources */ = {isa = PBXBuildFile; fileRef = 43392FCB217658FE00D52754 /* GameCellFile.storyboard */; };
		4343637D21750AE600ED46F0 /* AppDelegate.swift in Sources */ = {isa = PBXBuildFile; fileRef = 4343637C21750AE600ED46F0 /* AppDelegate.swift */; };
		4343637F21750AE600ED46F0 /* ViewController.swift in Sources */ = {isa = PBXBuildFile; fileRef = 4343637E21750AE600ED46F0 /* ViewController.swift */; };
		4343638221750AE600ED46F0 /* Main.storyboard in Resources */ = {isa = PBXBuildFile; fileRef = 4343638021750AE600ED46F0 /* Main.storyboard */; };
		4343638421750AE700ED46F0 /* Assets.xcassets in Resources */ = {isa = PBXBuildFile; fileRef = 4343638321750AE700ED46F0 /* Assets.xcassets */; };
		4343638721750AE700ED46F0 /* LaunchScreen.storyboard in Resources */ = {isa = PBXBuildFile; fileRef = 4343638521750AE700ED46F0 /* LaunchScreen.storyboard */; };
		43684D4D2177AC7E00502508 /* gameManager.swift in Sources */ = {isa = PBXBuildFile; fileRef = 43684D4C2177AC7E00502508 /* gameManager.swift */; };
		439BD0FB2176299D00E489BF /* AddGameViewController.swift in Sources */ = {isa = PBXBuildFile; fileRef = 439BD0FA2176299D00E489BF /* AddGameViewController.swift */; };
		439BD0FD2176312E00E489BF /* VideoGame.swift in Sources */ = {isa = PBXBuildFile; fileRef = 439BD0FC2176312E00E489BF /* VideoGame.swift */; };
		439F196B21790DA600595941 /* GameCellViewController.swift in Sources */ = {isa = PBXBuildFile; fileRef = 439F196A21790DA600595941 /* GameCellViewController.swift */; };
		9FB106779D8356E62F0FAD22 /* Pods_VideoGameLibrary.framework in Frameworks */ = {isa = PBXBuildFile; fileRef = CCF8F95FABDB01739DD25067 /* Pods_VideoGameLibrary.framework */; };
/* End PBXBuildFile section */

/* Begin PBXFileReference section */
		432D3FA72178BFEC00118BDD /* utillities.swift */ = {isa = PBXFileReference; lastKnownFileType = sourcecode.swift; path = utillities.swift; sourceTree = "<group>"; };
		43392FC9217653A800D52754 /* GameTableViewCell.swift */ = {isa = PBXFileReference; lastKnownFileType = sourcecode.swift; path = GameTableViewCell.swift; sourceTree = "<group>"; };
		43392FCB217658FE00D52754 /* GameCellFile.storyboard */ = {isa = PBXFileReference; lastKnownFileType = file.storyboard; path = GameCellFile.storyboard; sourceTree = "<group>"; };
		4343637921750AE600ED46F0 /* VideoGameLibrary.app */ = {isa = PBXFileReference; explicitFileType = wrapper.application; includeInIndex = 0; path = VideoGameLibrary.app; sourceTree = BUILT_PRODUCTS_DIR; };
		4343637C21750AE600ED46F0 /* AppDelegate.swift */ = {isa = PBXFileReference; lastKnownFileType = sourcecode.swift; path = AppDelegate.swift; sourceTree = "<group>"; };
		4343637E21750AE600ED46F0 /* ViewController.swift */ = {isa = PBXFileReference; lastKnownFileType = sourcecode.swift; path = ViewController.swift; sourceTree = "<group>"; };
		4343638121750AE600ED46F0 /* Base */ = {isa = PBXFileReference; lastKnownFileType = file.storyboard; name = Base; path = Base.lproj/Main.storyboard; sourceTree = "<group>"; };
		4343638321750AE700ED46F0 /* Assets.xcassets */ = {isa = PBXFileReference; lastKnownFileType = folder.assetcatalog; path = Assets.xcassets; sourceTree = "<group>"; };
		4343638621750AE700ED46F0 /* Base */ = {isa = PBXFileReference; lastKnownFileType = file.storyboard; name = Base; path = Base.lproj/LaunchScreen.storyboard; sourceTree = "<group>"; };
		4343638821750AE700ED46F0 /* Info.plist */ = {isa = PBXFileReference; lastKnownFileType = text.plist.xml; path = Info.plist; sourceTree = "<group>"; };
		43684D4C2177AC7E00502508 /* gameManager.swift */ = {isa = PBXFileReference; lastKnownFileType = sourcecode.swift; path = gameManager.swift; sourceTree = "<group>"; };
		439BD0FA2176299D00E489BF /* AddGameViewController.swift */ = {isa = PBXFileReference; lastKnownFileType = sourcecode.swift; path = AddGameViewController.swift; sourceTree = "<group>"; };
		439BD0FC2176312E00E489BF /* VideoGame.swift */ = {isa = PBXFileReference; lastKnownFileType = sourcecode.swift; path = VideoGame.swift; sourceTree = "<group>"; };
		439F196A21790DA600595941 /* GameCellViewController.swift */ = {isa = PBXFileReference; lastKnownFileType = sourcecode.swift; path = GameCellViewController.swift; sourceTree = "<group>"; };
		77767EA277BB8F7B03A4667E /* Pods-VideoGameLibrary.release.xcconfig */ = {isa = PBXFileReference; includeInIndex = 1; lastKnownFileType = text.xcconfig; name = "Pods-VideoGameLibrary.release.xcconfig"; path = "Pods/Target Support Files/Pods-VideoGameLibrary/Pods-VideoGameLibrary.release.xcconfig"; sourceTree = "<group>"; };
		CCF8F95FABDB01739DD25067 /* Pods_VideoGameLibrary.framework */ = {isa = PBXFileReference; explicitFileType = wrapper.framework; includeInIndex = 0; path = Pods_VideoGameLibrary.framework; sourceTree = BUILT_PRODUCTS_DIR; };
		DFEFE5E1CDB392A9E35A0FEE /* Pods-VideoGameLibrary.debug.xcconfig */ = {isa = PBXFileReference; includeInIndex = 1; lastKnownFileType = text.xcconfig; name = "Pods-VideoGameLibrary.debug.xcconfig"; path = "Pods/Target Support Files/Pods-VideoGameLibrary/Pods-VideoGameLibrary.debug.xcconfig"; sourceTree = "<group>"; };
/* End PBXFileReference section */

/* Begin PBXFrameworksBuildPhase section */
		4343637621750AE600ED46F0 /* Frameworks */ = {
			isa = PBXFrameworksBuildPhase;
			buildActionMask = 2147483647;
			files = (
				9FB106779D8356E62F0FAD22 /* Pods_VideoGameLibrary.framework in Frameworks */,
			);
			runOnlyForDeploymentPostprocessing = 0;
		};
/* End PBXFrameworksBuildPhase section */

/* Begin PBXGroup section */
		43392FC82176537600D52754 /* components */ = {
			isa = PBXGroup;
			children = (
				43392FC9217653A800D52754 /* GameTableViewCell.swift */,
			);
			path = components;
			sourceTree = "<group>";
		};
		4343637021750AE600ED46F0 = {
			isa = PBXGroup;
			children = (
				4343637B21750AE600ED46F0 /* VideoGameLibrary */,
				4343637A21750AE600ED46F0 /* Products */,
				C4CC58922108C1AE84768BB8 /* Pods */,
				5840BF359B1EF74D0541D490 /* Frameworks */,
			);
			sourceTree = "<group>";
		};
		4343637A21750AE600ED46F0 /* Products */ = {
			isa = PBXGroup;
			children = (
				4343637921750AE600ED46F0 /* VideoGameLibrary.app */,
			);
			name = Products;
			sourceTree = "<group>";
		};
		4343637B21750AE600ED46F0 /* VideoGameLibrary */ = {
			isa = PBXGroup;
			children = (
				43392FC82176537600D52754 /* components */,
				439BD1012176357E00E489BF /* Utillities */,
				439BD0FF2176331400E489BF /* Story boards */,
				439BD0FE217632EE00E489BF /* view controllers */,
				4343638821750AE700ED46F0 /* Info.plist */,
			);
			path = VideoGameLibrary;
			sourceTree = "<group>";
		};
		439BD0FE217632EE00E489BF /* view controllers */ = {
			isa = PBXGroup;
			children = (
				4343637E21750AE600ED46F0 /* ViewController.swift */,
				439BD0FA2176299D00E489BF /* AddGameViewController.swift */,
				439F196A21790DA600595941 /* GameCellViewController.swift */,
			);
			path = "view controllers";
			sourceTree = "<group>";
		};
		439BD0FF2176331400E489BF /* Story boards */ = {
			isa = PBXGroup;
			children = (
				4343638521750AE700ED46F0 /* LaunchScreen.storyboard */,
				4343638021750AE600ED46F0 /* Main.storyboard */,
				43392FCB217658FE00D52754 /* GameCellFile.storyboard */,
			);
			path = "Story boards";
			sourceTree = "<group>";
		};
		439BD1012176357E00E489BF /* Utillities */ = {
			isa = PBXGroup;
			children = (
				4343637C21750AE600ED46F0 /* AppDelegate.swift */,
				4343638321750AE700ED46F0 /* Assets.xcassets */,
				439BD0FC2176312E00E489BF /* VideoGame.swift */,
				43684D4C2177AC7E00502508 /* gameManager.swift */,
				432D3FA72178BFEC00118BDD /* utillities.swift */,
			);
			path = Utillities;
			sourceTree = "<group>";
		};
		5840BF359B1EF74D0541D490 /* Frameworks */ = {
			isa = PBXGroup;
			children = (
				CCF8F95FABDB01739DD25067 /* Pods_VideoGameLibrary.framework */,
			);
			name = Frameworks;
			sourceTree = "<group>";
		};
		C4CC58922108C1AE84768BB8 /* Pods */ = {
			isa = PBXGroup;
			children = (
				DFEFE5E1CDB392A9E35A0FEE /* Pods-VideoGameLibrary.debug.xcconfig */,
				77767EA277BB8F7B03A4667E /* Pods-VideoGameLibrary.release.xcconfig */,
			);
			name = Pods;
			sourceTree = "<group>";
		};
/* End PBXGroup section */

/* Begin PBXNativeTarget section */
		4343637821750AE600ED46F0 /* VideoGameLibrary */ = {
			isa = PBXNativeTarget;
			buildConfigurationList = 4343638B21750AE700ED46F0 /* Build configuration list for PBXNativeTarget "VideoGameLibrary" */;
			buildPhases = (
				7C08FAC8427BC7483FFBB3B9 /* [CP] Check Pods Manifest.lock */,
				4343637521750AE600ED46F0 /* Sources */,
				4343637621750AE600ED46F0 /* Frameworks */,
				4343637721750AE600ED46F0 /* Resources */,
			);
			buildRules = (
			);
			dependencies = (
			);
			name = VideoGameLibrary;
			productName = VideoGameLibrary;
			productReference = 4343637921750AE600ED46F0 /* VideoGameLibrary.app */;
			productType = "com.apple.product-type.application";
		};
/* End PBXNativeTarget section */

/* Begin PBXProject section */
		4343637121750AE600ED46F0 /* Project object */ = {
			isa = PBXProject;
			attributes = {
				LastSwiftUpdateCheck = 1000;
				LastUpgradeCheck = 1000;
				ORGANIZATIONNAME = "Spencer Casteel";
				TargetAttributes = {
					4343637821750AE600ED46F0 = {
						CreatedOnToolsVersion = 10.0;
					};
				};
			};
			buildConfigurationList = 4343637421750AE600ED46F0 /* Build configuration list for PBXProject "VideoGameLibrary" */;
			compatibilityVersion = "Xcode 9.3";
			developmentRegion = en;
			hasScannedForEncodings = 0;
			knownRegions = (
				en,
				Base,
			);
			mainGroup = 4343637021750AE600ED46F0;
			productRefGroup = 4343637A21750AE600ED46F0 /* Products */;
			projectDirPath = "";
			projectRoot = "";
			targets = (
				4343637821750AE600ED46F0 /* VideoGameLibrary */,
			);
		};
/* End PBXProject section */

/* Begin PBXResourcesBuildPhase section */
		4343637721750AE600ED46F0 /* Resources */ = {
			isa = PBXResourcesBuildPhase;
			buildActionMask = 2147483647;
			files = (
				43392FCC217658FE00D52754 /* GameCellFile.storyboard in Resources */,
				4343638721750AE700ED46F0 /* LaunchScreen.storyboard in Resources */,
				4343638421750AE700ED46F0 /* Assets.xcassets in Resources */,
				4343638221750AE600ED46F0 /* Main.storyboard in Resources */,
			);
			runOnlyForDeploymentPostprocessing = 0;
		};
/* End PBXResourcesBuildPhase section */

/* Begin PBXShellScriptBuildPhase section */
		7C08FAC8427BC7483FFBB3B9 /* [CP] Check Pods Manifest.lock */ = {
			isa = PBXShellScriptBuildPhase;
			buildActionMask = 2147483647;
			files = (
			);
			inputPaths = (
				"${PODS_PODFILE_DIR_PATH}/Podfile.lock",
				"${PODS_ROOT}/Manifest.lock",
			);
			name = "[CP] Check Pods Manifest.lock";
			outputPaths = (
				"$(DERIVED_FILE_DIR)/Pods-VideoGameLibrary-checkManifestLockResult.txt",
			);
			runOnlyForDeploymentPostprocessing = 0;
			shellPath = /bin/sh;
			shellScript = "diff \"${PODS_PODFILE_DIR_PATH}/Podfile.lock\" \"${PODS_ROOT}/Manifest.lock\" > /dev/null\nif [ $? != 0 ] ; then\n    # print error to STDERR\n    echo \"error: The sandbox is not in sync with the Podfile.lock. Run 'pod install' or update your CocoaPods installation.\" >&2\n    exit 1\nfi\n# This output is used by Xcode 'outputs' to avoid re-running this script phase.\necho \"SUCCESS\" > \"${SCRIPT_OUTPUT_FILE_0}\"\n";
			showEnvVarsInLog = 0;
		};
/* End PBXShellScriptBuildPhase section */

/* Begin PBXSourcesBuildPhase section */
		4343637521750AE600ED46F0 /* Sources */ = {
			isa = PBXSourcesBuildPhase;
			buildActionMask = 2147483647;
			files = (
				439F196B21790DA600595941 /* GameCellViewController.swift in Sources */,
				432D3FA82178BFEC00118BDD /* utillities.swift in Sources */,
				43392FCA217653A800D52754 /* GameTableViewCell.swift in Sources */,
				4343637F21750AE600ED46F0 /* ViewController.swift in Sources */,
				4343637D21750AE600ED46F0 /* AppDelegate.swift in Sources */,
				439BD0FB2176299D00E489BF /* AddGameViewController.swift in Sources */,
				439BD0FD2176312E00E489BF /* VideoGame.swift in Sources */,
				43684D4D2177AC7E00502508 /* gameManager.swift in Sources */,
			);
			runOnlyForDeploymentPostprocessing = 0;
		};
/* End PBXSourcesBuildPhase section */

/* Begin PBXVariantGroup section */
		4343638021750AE600ED46F0 /* Main.storyboard */ = {
			isa = PBXVariantGroup;
			children = (
				4343638121750AE600ED46F0 /* Base */,
			);
			name = Main.storyboard;
			sourceTree = "<group>";
		};
		4343638521750AE700ED46F0 /* LaunchScreen.storyboard */ = {
			isa = PBXVariantGroup;
			children = (
				4343638621750AE700ED46F0 /* Base */,
			);
			name = LaunchScreen.storyboard;
			sourceTree = "<group>";
		};
/* End PBXVariantGroup section */

/* Begin XCBuildConfiguration section */
		4343638921750AE700ED46F0 /* Debug */ = {
			isa = XCBuildConfiguration;
			buildSettings = {
				ALWAYS_SEARCH_USER_PATHS = NO;
				CLANG_ANALYZER_NONNULL = YES;
				CLANG_ANALYZER_NUMBER_OBJECT_CONVERSION = YES_AGGRESSIVE;
				CLANG_CXX_LANGUAGE_STANDARD = "gnu++14";
				CLANG_CXX_LIBRARY = "libc++";
				CLANG_ENABLE_MODULES = YES;
				CLANG_ENABLE_OBJC_ARC = YES;
				CLANG_ENABLE_OBJC_WEAK = YES;
				CLANG_WARN_BLOCK_CAPTURE_AUTORELEASING = YES;
				CLANG_WARN_BOOL_CONVERSION = YES;
				CLANG_WARN_COMMA = YES;
				CLANG_WARN_CONSTANT_CONVERSION = YES;
				CLANG_WARN_DEPRECATED_OBJC_IMPLEMENTATIONS = YES;
				CLANG_WARN_DIRECT_OBJC_ISA_USAGE = YES_ERROR;
				CLANG_WARN_DOCUMENTATION_COMMENTS = YES;
				CLANG_WARN_EMPTY_BODY = YES;
				CLANG_WARN_ENUM_CONVERSION = YES;
				CLANG_WARN_INFINITE_RECURSION = YES;
				CLANG_WARN_INT_CONVERSION = YES;
				CLANG_WARN_NON_LITERAL_NULL_CONVERSION = YES;
				CLANG_WARN_OBJC_IMPLICIT_RETAIN_SELF = YES;
				CLANG_WARN_OBJC_LITERAL_CONVERSION = YES;
				CLANG_WARN_OBJC_ROOT_CLASS = YES_ERROR;
				CLANG_WARN_RANGE_LOOP_ANALYSIS = YES;
				CLANG_WARN_STRICT_PROTOTYPES = YES;
				CLANG_WARN_SUSPICIOUS_MOVE = YES;
				CLANG_WARN_UNGUARDED_AVAILABILITY = YES_AGGRESSIVE;
				CLANG_WARN_UNREACHABLE_CODE = YES;
				CLANG_WARN__DUPLICATE_METHOD_MATCH = YES;
				CODE_SIGN_IDENTITY = "iPhone Developer";
				COPY_PHASE_STRIP = NO;
				DEBUG_INFORMATION_FORMAT = dwarf;
				ENABLE_STRICT_OBJC_MSGSEND = YES;
				ENABLE_TESTABILITY = YES;
				GCC_C_LANGUAGE_STANDARD = gnu11;
				GCC_DYNAMIC_NO_PIC = NO;
				GCC_NO_COMMON_BLOCKS = YES;
				GCC_OPTIMIZATION_LEVEL = 0;
				GCC_PREPROCESSOR_DEFINITIONS = (
					"DEBUG=1",
					"$(inherited)",
				);
				GCC_WARN_64_TO_32_BIT_CONVERSION = YES;
				GCC_WARN_ABOUT_RETURN_TYPE = YES_ERROR;
				GCC_WARN_UNDECLARED_SELECTOR = YES;
				GCC_WARN_UNINITIALIZED_AUTOS = YES_AGGRESSIVE;
				GCC_WARN_UNUSED_FUNCTION = YES;
				GCC_WARN_UNUSED_VARIABLE = YES;
				IPHONEOS_DEPLOYMENT_TARGET = 12.0;
				MTL_ENABLE_DEBUG_INFO = INCLUDE_SOURCE;
				MTL_FAST_MATH = YES;
				ONLY_ACTIVE_ARCH = YES;
				SDKROOT = iphoneos;
				SWIFT_ACTIVE_COMPILATION_CONDITIONS = DEBUG;
				SWIFT_OPTIMIZATION_LEVEL = "-Onone";
			};
			name = Debug;
		};
		4343638A21750AE700ED46F0 /* Release */ = {
			isa = XCBuildConfiguration;
			buildSettings = {
				ALWAYS_SEARCH_USER_PATHS = NO;
				CLANG_ANALYZER_NONNULL = YES;
				CLANG_ANALYZER_NUMBER_OBJECT_CONVERSION = YES_AGGRESSIVE;
				CLANG_CXX_LANGUAGE_STANDARD = "gnu++14";
				CLANG_CXX_LIBRARY = "libc++";
				CLANG_ENABLE_MODULES = YES;
				CLANG_ENABLE_OBJC_ARC = YES;
				CLANG_ENABLE_OBJC_WEAK = YES;
				CLANG_WARN_BLOCK_CAPTURE_AUTORELEASING = YES;
				CLANG_WARN_BOOL_CONVERSION = YES;
				CLANG_WARN_COMMA = YES;
				CLANG_WARN_CONSTANT_CONVERSION = YES;
				CLANG_WARN_DEPRECATED_OBJC_IMPLEMENTATIONS = YES;
				CLANG_WARN_DIRECT_OBJC_ISA_USAGE = YES_ERROR;
				CLANG_WARN_DOCUMENTATION_COMMENTS = YES;
				CLANG_WARN_EMPTY_BODY = YES;
				CLANG_WARN_ENUM_CONVERSION = YES;
				CLANG_WARN_INFINITE_RECURSION = YES;
				CLANG_WARN_INT_CONVERSION = YES;
				CLANG_WARN_NON_LITERAL_NULL_CONVERSION = YES;
				CLANG_WARN_OBJC_IMPLICIT_RETAIN_SELF = YES;
				CLANG_WARN_OBJC_LITERAL_CONVERSION = YES;
				CLANG_WARN_OBJC_ROOT_CLASS = YES_ERROR;
				CLANG_WARN_RANGE_LOOP_ANALYSIS = YES;
				CLANG_WARN_STRICT_PROTOTYPES = YES;
				CLANG_WARN_SUSPICIOUS_MOVE = YES;
				CLANG_WARN_UNGUARDED_AVAILABILITY = YES_AGGRESSIVE;
				CLANG_WARN_UNREACHABLE_CODE = YES;
				CLANG_WARN__DUPLICATE_METHOD_MATCH = YES;
				CODE_SIGN_IDENTITY = "iPhone Developer";
				COPY_PHASE_STRIP = NO;
				DEBUG_INFORMATION_FORMAT = "dwarf-with-dsym";
				ENABLE_NS_ASSERTIONS = NO;
				ENABLE_STRICT_OBJC_MSGSEND = YES;
				GCC_C_LANGUAGE_STANDARD = gnu11;
				GCC_NO_COMMON_BLOCKS = YES;
				GCC_WARN_64_TO_32_BIT_CONVERSION = YES;
				GCC_WARN_ABOUT_RETURN_TYPE = YES_ERROR;
				GCC_WARN_UNDECLARED_SELECTOR = YES;
				GCC_WARN_UNINITIALIZED_AUTOS = YES_AGGRESSIVE;
				GCC_WARN_UNUSED_FUNCTION = YES;
				GCC_WARN_UNUSED_VARIABLE = YES;
				IPHONEOS_DEPLOYMENT_TARGET = 12.0;
				MTL_ENABLE_DEBUG_INFO = NO;
				MTL_FAST_MATH = YES;
				SDKROOT = iphoneos;
				SWIFT_COMPILATION_MODE = wholemodule;
				SWIFT_OPTIMIZATION_LEVEL = "-O";
				VALIDATE_PRODUCT = YES;
			};
			name = Release;
		};
		4343638C21750AE700ED46F0 /* Debug */ = {
			isa = XCBuildConfiguration;
			baseConfigurationReference = DFEFE5E1CDB392A9E35A0FEE /* Pods-VideoGameLibrary.debug.xcconfig */;
			buildSettings = {
				ASSETCATALOG_COMPILER_APPICON_NAME = AppIcon;
				CODE_SIGN_STYLE = Automatic;
				DEVELOPMENT_TEAM = V8Z8M4V2G5;
				INFOPLIST_FILE = VideoGameLibrary/Info.plist;
				LD_RUNPATH_SEARCH_PATHS = (
					"$(inherited)",
					"@executable_path/Frameworks",
				);
				PRODUCT_BUNDLE_IDENTIFIER = com.interaptskills.VideoGameLibrary;
				PRODUCT_NAME = "$(TARGET_NAME)";
				SWIFT_VERSION = 4.2;
				TARGETED_DEVICE_FAMILY = "1,2";
			};
			name = Debug;
		};
		4343638D21750AE700ED46F0 /* Release */ = {
			isa = XCBuildConfiguration;
			baseConfigurationReference = 77767EA277BB8F7B03A4667E /* Pods-VideoGameLibrary.release.xcconfig */;
			buildSettings = {
				ASSETCATALOG_COMPILER_APPICON_NAME = AppIcon;
				CODE_SIGN_STYLE = Automatic;
				DEVELOPMENT_TEAM = V8Z8M4V2G5;
				INFOPLIST_FILE = VideoGameLibrary/Info.plist;
				LD_RUNPATH_SEARCH_PATHS = (
					"$(inherited)",
					"@executable_path/Frameworks",
				);
				PRODUCT_BUNDLE_IDENTIFIER = com.interaptskills.VideoGameLibrary;
				PRODUCT_NAME = "$(TARGET_NAME)";
				SWIFT_VERSION = 4.2;
				TARGETED_DEVICE_FAMILY = "1,2";
			};
			name = Release;
		};
/* End XCBuildConfiguration section */

/* Begin XCConfigurationList section */
		4343637421750AE600ED46F0 /* Build configuration list for PBXProject "VideoGameLibrary" */ = {
			isa = XCConfigurationList;
			buildConfigurations = (
				4343638921750AE700ED46F0 /* Debug */,
				4343638A21750AE700ED46F0 /* Release */,
			);
			defaultConfigurationIsVisible = 0;
			defaultConfigurationName = Release;
		};
		4343638B21750AE700ED46F0 /* Build configuration list for PBXNativeTarget "VideoGameLibrary" */ = {
			isa = XCConfigurationList;
			buildConfigurations = (
				4343638C21750AE700ED46F0 /* Debug */,
				4343638D21750AE700ED46F0 /* Release */,
			);
			defaultConfigurationIsVisible = 0;
			defaultConfigurationName = Release;
		};
/* End XCConfigurationList section */
	};
	rootObject = 4343637121750AE600ED46F0 /* Project object */;
}
